{
  "name": "janitor-night-shift",
  "lockfileVersion": 3,
  "requires": true,
  "packages": {
    "": {
      "dependencies": {
        "sweetalert2": "^11.7.20"
      }
    },
    "node_modules/sweetalert2": {
      "version": "11.7.20",
      "resolved": "https://registry.npmjs.org/sweetalert2/-/sweetalert2-11.7.20.tgz",
      "integrity": "sha512-GdU1TkiLpGGC0mcPV8bKmS7G0MR7caxambPkEU8zyepRSNR9EaEvIjNhX5QNkL0VFVzHbI3l12NtuEklkJ0D4Q==",
      "funding": {
        "type": "individual",
        "url": "https://github.com/sponsors/limonte"
      }
    }
  }
}
